
Microsoft Visual Studio Solution File, Format Version 12.00
# Visual Studio Version 17
VisualStudioVersion = 17.4.33110.190
MinimumVisualStudioVersion = 10.0.40219.1
Project("{FAE04EC0-301F-11D3-BF4B-00C04F79EFBC}") = "ForDongusuCarpımTablo", "ForDongusuCarpımTablo\ForDongusuCarpımTablo.csproj", "{AB9269F8-46CB-4585-B4F9-B990BE18AAB3}"
EndProject
Global
	GlobalSection(SolutionConfigurationPlatforms) = preSolution
		Debug|Any CPU = Debug|Any CPU
		Release|Any CPU = Release|Any CPU
	EndGlobalSection
	GlobalSection(ProjectConfigurationPlatforms) = postSolution
		{AB9269F8-46CB-4585-B4F9-B990BE18AAB3}.Debug|Any CPU.ActiveCfg = Debug|Any CPU
		{AB9269F8-46CB-4585-B4F9-B990BE18AAB3}.Debug|Any CPU.Build.0 = Debug|Any CPU
		{AB9269F8-46CB-4585-B4F9-B990BE18AAB3}.Release|Any CPU.ActiveCfg = Release|Any CPU
		{AB9269F8-46CB-4585-B4F9-B990BE18AAB3}.Release|Any CPU.Build.0 = Release|Any CPU
	EndGlobalSection
	GlobalSection(SolutionProperties) = preSolution
		HideSolutionNode = FALSE
	EndGlobalSection
	GlobalSection(ExtensibilityGlobals) = postSolution
		SolutionGuid = {38A78DEF-3587-4783-8831-E65288B4D25D}
	EndGlobalSection
EndGlobal
